// !$*UTF8*$!
{
	archiveVersion = 1;
	classes = {
	};
	objectVersion = 55;
	objects = {

/* Begin PBXBuildFile section */
		6F807E7745F2851B09F79182 /* Pods_PowerSchool_Helper.framework in Frameworks */ = {isa = PBXBuildFile; fileRef = D8DB7D2B983E12390622ED8F /* Pods_PowerSchool_Helper.framework */; };
		B2B0F9D4CD720D5FEAD7439B /* Pods_Powerschool_Helper_Watch_Watch_App.framework in Frameworks */ = {isa = PBXBuildFile; fileRef = 778C58F024268C0BE884160F /* Pods_Powerschool_Helper_Watch_Watch_App.framework */; };
		DB001048294A5D6C00318B03 /* ProgressView.swift in Sources */ = {isa = PBXBuildFile; fileRef = DB001047294A5D6B00318B03 /* ProgressView.swift */; };
		DB00C5932A0ABA6F00F05419 /* Help.storyboard in Resources */ = {isa = PBXBuildFile; fileRef = DB00C5922A0ABA6F00F05419 /* Help.storyboard */; };
		DB00C5952A0ABB0300F05419 /* Login.storyboard in Resources */ = {isa = PBXBuildFile; fileRef = DB00C5942A0ABB0300F05419 /* Login.storyboard */; };
		DB00C5972A0ABDA600F05419 /* Assignments.storyboard in Resources */ = {isa = PBXBuildFile; fileRef = DB00C5962A0ABDA600F05419 /* Assignments.storyboard */; };
		DB00C5992A0B12D300F05419 /* SidebarView.swift in Sources */ = {isa = PBXBuildFile; fileRef = DB00C5982A0B12D300F05419 /* SidebarView.swift */; };
		DB00C59B2A0B131F00F05419 /* SidebarView.xib in Resources */ = {isa = PBXBuildFile; fileRef = DB00C59A2A0B131F00F05419 /* SidebarView.xib */; };
		DB1781442954E729002DBB93 /* NetoworkMonitor.swift in Sources */ = {isa = PBXBuildFile; fileRef = DB1781432954E729002DBB93 /* NetoworkMonitor.swift */; };
		DB17814829552558002DBB93 /* WebPageManager.swift in Sources */ = {isa = PBXBuildFile; fileRef = DB17814729552558002DBB93 /* WebPageManager.swift */; };
		DB18A40528C816AB0034037F /* ClassList.swift in Sources */ = {isa = PBXBuildFile; fileRef = DB18A40428C816AB0034037F /* ClassList.swift */; };
		DB26928D2A07FF7100D8B9C9 /* ClassView.xib in Resources */ = {isa = PBXBuildFile; fileRef = DB26928C2A07FF7100D8B9C9 /* ClassView.xib */; };
		DB726F3928EA596B00AF5F41 /* ClassInfo.swift in Sources */ = {isa = PBXBuildFile; fileRef = DB726F3828EA596B00AF5F41 /* ClassInfo.swift */; };
		DB8E86B02958F68C004D3A7D /* ClassDataManager.swift in Sources */ = {isa = PBXBuildFile; fileRef = DB8E86AF2958F68C004D3A7D /* ClassDataManager.swift */; };
		DB8E86B2295A57A7004D3A7D /* Main.storyboard in Resources */ = {isa = PBXBuildFile; fileRef = DB8E86B1295A57A7004D3A7D /* Main.storyboard */; };
		DB8E8BDF29CB3896006A1EED /* KeyChain.swift in Sources */ = {isa = PBXBuildFile; fileRef = DB8E8BDE29CB3896006A1EED /* KeyChain.swift */; };
		DB8EE3B429ABE109004CE37F /* QuarterSelection.swift in Sources */ = {isa = PBXBuildFile; fileRef = DB8EE3B329ABE109004CE37F /* QuarterSelection.swift */; };
		DB96D29128C27E6300C36782 /* AppDelegate.swift in Sources */ = {isa = PBXBuildFile; fileRef = DB96D29028C27E6300C36782 /* AppDelegate.swift */; };
		DB96D29328C27E6300C36782 /* SceneDelegate.swift in Sources */ = {isa = PBXBuildFile; fileRef = DB96D29228C27E6300C36782 /* SceneDelegate.swift */; };
		DB96D29528C27E6300C36782 /* Login.swift in Sources */ = {isa = PBXBuildFile; fileRef = DB96D29428C27E6300C36782 /* Login.swift */; };
		DB96D29A28C27E6600C36782 /* Assets.xcassets in Resources */ = {isa = PBXBuildFile; fileRef = DB96D29928C27E6600C36782 /* Assets.xcassets */; };
		DB96D29D28C27E6600C36782 /* LaunchScreen.storyboard in Resources */ = {isa = PBXBuildFile; fileRef = DB96D29B28C27E6600C36782 /* LaunchScreen.storyboard */; };
		DB9C45CE29CCC38E00953EB8 /* ClassInfoBar.swift in Sources */ = {isa = PBXBuildFile; fileRef = DB9C45CD29CCC38E00953EB8 /* ClassInfoBar.swift */; };
		DBA1B65B2927B60B004D15FE /* Settings.swift in Sources */ = {isa = PBXBuildFile; fileRef = DBA1B65A2927B60B004D15FE /* Settings.swift */; };
		DBA307112A12F2360048DCF4 /* DataManager.swift in Sources */ = {isa = PBXBuildFile; fileRef = DBA307102A12F2360048DCF4 /* DataManager.swift */; };
		DBB805212A17EC73001281B5 /* WatchManager.swift in Sources */ = {isa = PBXBuildFile; fileRef = DBB805202A17EC73001281B5 /* WatchManager.swift */; };
		DBBC6AFE294EBD35006BF7D1 /* GradeChartView.swift in Sources */ = {isa = PBXBuildFile; fileRef = DBBC6AFD294EBD35006BF7D1 /* GradeChartView.swift */; };
		DBBC6B04294EC18B006BF7D1 /* SwiftUICharts in Frameworks */ = {isa = PBXBuildFile; productRef = DBBC6B03294EC18B006BF7D1 /* SwiftUICharts */; };
		DBBC6B06294EC90B006BF7D1 /* GradeChartManager.swift in Sources */ = {isa = PBXBuildFile; fileRef = DBBC6B05294EC90B006BF7D1 /* GradeChartManager.swift */; };
		DBC16E2B2A08013E007F474D /* ClassView.swift in Sources */ = {isa = PBXBuildFile; fileRef = DBC16E2A2A08013E007F474D /* ClassView.swift */; };
		DBC16E2E2A088944007F474D /* Order.swift in Sources */ = {isa = PBXBuildFile; fileRef = DBC16E2D2A088944007F474D /* Order.swift */; };
		DBC198D62A0433A900AF8838 /* NotificationManager.swift in Sources */ = {isa = PBXBuildFile; fileRef = DBC198D52A0433A900AF8838 /* NotificationManager.swift */; };
		DBC198DA2A05B45E00AF8838 /* Report.swift in Sources */ = {isa = PBXBuildFile; fileRef = DBC198D92A05B45E00AF8838 /* Report.swift */; };
		DBD8C62F29F1AB370074F225 /* ClassInfo.storyboard in Resources */ = {isa = PBXBuildFile; fileRef = DBD8C62E29F1AB370074F225 /* ClassInfo.storyboard */; };
		DBD8C63129F1ABE30074F225 /* Settings.storyboard in Resources */ = {isa = PBXBuildFile; fileRef = DBD8C63029F1ABE30074F225 /* Settings.storyboard */; };
		DBDE1515290495F10027A22D /* Assignments.swift in Sources */ = {isa = PBXBuildFile; fileRef = DBDE1514290495F10027A22D /* Assignments.swift */; };
		DBE4E875293560F2001C4ACB /* Util.swift in Sources */ = {isa = PBXBuildFile; fileRef = DBE4E874293560F2001C4ACB /* Util.swift */; };
		DBFF8A5A2A12F0DA00DFF80C /* Powerschool_Helper_WatchApp.swift in Sources */ = {isa = PBXBuildFile; fileRef = DBFF8A592A12F0DA00DFF80C /* Powerschool_Helper_WatchApp.swift */; };
		DBFF8A5C2A12F0DA00DFF80C /* ContentView.swift in Sources */ = {isa = PBXBuildFile; fileRef = DBFF8A5B2A12F0DA00DFF80C /* ContentView.swift */; };
		DBFF8A5E2A12F0DB00DFF80C /* Assets.xcassets in Resources */ = {isa = PBXBuildFile; fileRef = DBFF8A5D2A12F0DB00DFF80C /* Assets.xcassets */; };
		DBFF8A612A12F0DB00DFF80C /* Preview Assets.xcassets in Resources */ = {isa = PBXBuildFile; fileRef = DBFF8A602A12F0DB00DFF80C /* Preview Assets.xcassets */; };
		DBFF8A642A12F0DB00DFF80C /* Powerschool Helper Watch Watch App.app in Embed Watch Content */ = {isa = PBXBuildFile; fileRef = DBFF8A572A12F0DA00DFF80C /* Powerschool Helper Watch Watch App.app */; settings = {ATTRIBUTES = (RemoveHeadersOnCopy, ); }; };
/* End PBXBuildFile section */

/* Begin PBXContainerItemProxy section */
		DBFF8A622A12F0DB00DFF80C /* PBXContainerItemProxy */ = {
			isa = PBXContainerItemProxy;
			containerPortal = DB96D28528C27E6300C36782 /* Project object */;
			proxyType = 1;
			remoteGlobalIDString = DBFF8A562A12F0DA00DFF80C;
			remoteInfo = "Powerschool Helper Watch Watch App";
		};
/* End PBXContainerItemProxy section */

/* Begin PBXCopyFilesBuildPhase section */
		DB2CCF2429FBFB3F00501912 /* Embed Watch Content */ = {
			isa = PBXCopyFilesBuildPhase;
			buildActionMask = 2147483647;
			dstPath = "$(CONTENTS_FOLDER_PATH)/Watch";
			dstSubfolderSpec = 16;
			files = (
				DBFF8A642A12F0DB00DFF80C /* Powerschool Helper Watch Watch App.app in Embed Watch Content */,
			);
			name = "Embed Watch Content";
			runOnlyForDeploymentPostprocessing = 0;
		};
/* End PBXCopyFilesBuildPhase section */

/* Begin PBXFileReference section */
		476E4781A7F45111CC8A896F /* Pods-PowerSchool Helper.release.xcconfig */ = {isa = PBXFileReference; includeInIndex = 1; lastKnownFileType = text.xcconfig; name = "Pods-PowerSchool Helper.release.xcconfig"; path = "Target Support Files/Pods-PowerSchool Helper/Pods-PowerSchool Helper.release.xcconfig"; sourceTree = "<group>"; };
		69BA12DE3AC70212467DAE25 /* Pods-Powerschool Helper Watch Watch App.release.xcconfig */ = {isa = PBXFileReference; includeInIndex = 1; lastKnownFileType = text.xcconfig; name = "Pods-Powerschool Helper Watch Watch App.release.xcconfig"; path = "Target Support Files/Pods-Powerschool Helper Watch Watch App/Pods-Powerschool Helper Watch Watch App.release.xcconfig"; sourceTree = "<group>"; };
		778C58F024268C0BE884160F /* Pods_Powerschool_Helper_Watch_Watch_App.framework */ = {isa = PBXFileReference; explicitFileType = wrapper.framework; includeInIndex = 0; path = Pods_Powerschool_Helper_Watch_Watch_App.framework; sourceTree = BUILT_PRODUCTS_DIR; };
		ABC2092D65DD935F7B78DA1B /* Pods-PowerSchool Helper.debug.xcconfig */ = {isa = PBXFileReference; includeInIndex = 1; lastKnownFileType = text.xcconfig; name = "Pods-PowerSchool Helper.debug.xcconfig"; path = "Target Support Files/Pods-PowerSchool Helper/Pods-PowerSchool Helper.debug.xcconfig"; sourceTree = "<group>"; };
		D6E693BB8C6AB98206B7F0E1 /* Pods-Powerschool Helper Watch Watch App.debug.xcconfig */ = {isa = PBXFileReference; includeInIndex = 1; lastKnownFileType = text.xcconfig; name = "Pods-Powerschool Helper Watch Watch App.debug.xcconfig"; path = "Target Support Files/Pods-Powerschool Helper Watch Watch App/Pods-Powerschool Helper Watch Watch App.debug.xcconfig"; sourceTree = "<group>"; };
		D8DB7D2B983E12390622ED8F /* Pods_PowerSchool_Helper.framework */ = {isa = PBXFileReference; explicitFileType = wrapper.framework; includeInIndex = 0; path = Pods_PowerSchool_Helper.framework; sourceTree = BUILT_PRODUCTS_DIR; };
		DB001047294A5D6B00318B03 /* ProgressView.swift */ = {isa = PBXFileReference; fileEncoding = 4; lastKnownFileType = sourcecode.swift; path = ProgressView.swift; sourceTree = "<group>"; };
		DB00C5922A0ABA6F00F05419 /* Help.storyboard */ = {isa = PBXFileReference; lastKnownFileType = file.storyboard; path = Help.storyboard; sourceTree = "<group>"; };
		DB00C5942A0ABB0300F05419 /* Login.storyboard */ = {isa = PBXFileReference; lastKnownFileType = file.storyboard; path = Login.storyboard; sourceTree = "<group>"; };
		DB00C5962A0ABDA600F05419 /* Assignments.storyboard */ = {isa = PBXFileReference; lastKnownFileType = file.storyboard; path = Assignments.storyboard; sourceTree = "<group>"; };
		DB00C5982A0B12D300F05419 /* SidebarView.swift */ = {isa = PBXFileReference; lastKnownFileType = sourcecode.swift; path = SidebarView.swift; sourceTree = "<group>"; };
		DB00C59A2A0B131F00F05419 /* SidebarView.xib */ = {isa = PBXFileReference; lastKnownFileType = file.xib; path = SidebarView.xib; sourceTree = "<group>"; };
		DB1781432954E729002DBB93 /* NetoworkMonitor.swift */ = {isa = PBXFileReference; lastKnownFileType = sourcecode.swift; path = NetoworkMonitor.swift; sourceTree = "<group>"; };
		DB17814729552558002DBB93 /* WebPageManager.swift */ = {isa = PBXFileReference; lastKnownFileType = sourcecode.swift; path = WebPageManager.swift; sourceTree = "<group>"; };
		DB18A40428C816AB0034037F /* ClassList.swift */ = {isa = PBXFileReference; lastKnownFileType = sourcecode.swift; path = ClassList.swift; sourceTree = "<group>"; };
		DB26928C2A07FF7100D8B9C9 /* ClassView.xib */ = {isa = PBXFileReference; lastKnownFileType = file.xib; path = ClassView.xib; sourceTree = "<group>"; };
		DB67174A2A002F090065F9C6 /* Powerschool Helper Watch App.entitlements */ = {isa = PBXFileReference; lastKnownFileType = text.plist.entitlements; path = "Powerschool Helper Watch App.entitlements"; sourceTree = "<group>"; };
		DB726F3828EA596B00AF5F41 /* ClassInfo.swift */ = {isa = PBXFileReference; fileEncoding = 4; lastKnownFileType = sourcecode.swift; path = ClassInfo.swift; sourceTree = "<group>"; };
		DB8E86AF2958F68C004D3A7D /* ClassDataManager.swift */ = {isa = PBXFileReference; lastKnownFileType = sourcecode.swift; path = ClassDataManager.swift; sourceTree = "<group>"; };
		DB8E86B1295A57A7004D3A7D /* Main.storyboard */ = {isa = PBXFileReference; lastKnownFileType = file.storyboard; path = Main.storyboard; sourceTree = "<group>"; };
		DB8E8BDE29CB3896006A1EED /* KeyChain.swift */ = {isa = PBXFileReference; lastKnownFileType = sourcecode.swift; path = KeyChain.swift; sourceTree = "<group>"; };
		DB8EE38B29AAFE54004CE37F /* Info.plist */ = {isa = PBXFileReference; lastKnownFileType = text.plist.xml; path = Info.plist; sourceTree = "<group>"; };
		DB8EE3B329ABE109004CE37F /* QuarterSelection.swift */ = {isa = PBXFileReference; lastKnownFileType = sourcecode.swift; path = QuarterSelection.swift; sourceTree = "<group>"; };
		DB96D28D28C27E6300C36782 /* PowerSchool Helper.app */ = {isa = PBXFileReference; explicitFileType = wrapper.application; includeInIndex = 0; path = "PowerSchool Helper.app"; sourceTree = BUILT_PRODUCTS_DIR; };
		DB96D29028C27E6300C36782 /* AppDelegate.swift */ = {isa = PBXFileReference; lastKnownFileType = sourcecode.swift; path = AppDelegate.swift; sourceTree = "<group>"; };
		DB96D29228C27E6300C36782 /* SceneDelegate.swift */ = {isa = PBXFileReference; lastKnownFileType = sourcecode.swift; path = SceneDelegate.swift; sourceTree = "<group>"; };
		DB96D29428C27E6300C36782 /* Login.swift */ = {isa = PBXFileReference; lastKnownFileType = sourcecode.swift; path = Login.swift; sourceTree = "<group>"; };
		DB96D29928C27E6600C36782 /* Assets.xcassets */ = {isa = PBXFileReference; lastKnownFileType = folder.assetcatalog; path = Assets.xcassets; sourceTree = "<group>"; };
		DB96D29C28C27E6600C36782 /* Base */ = {isa = PBXFileReference; lastKnownFileType = file.storyboard; name = Base; path = Base.lproj/LaunchScreen.storyboard; sourceTree = "<group>"; };
		DB9C45CD29CCC38E00953EB8 /* ClassInfoBar.swift */ = {isa = PBXFileReference; lastKnownFileType = sourcecode.swift; path = ClassInfoBar.swift; sourceTree = "<group>"; };
		DBA1B65A2927B60B004D15FE /* Settings.swift */ = {isa = PBXFileReference; lastKnownFileType = sourcecode.swift; path = Settings.swift; sourceTree = "<group>"; };
		DBA307102A12F2360048DCF4 /* DataManager.swift */ = {isa = PBXFileReference; lastKnownFileType = sourcecode.swift; path = DataManager.swift; sourceTree = "<group>"; };
		DBB805202A17EC73001281B5 /* WatchManager.swift */ = {isa = PBXFileReference; lastKnownFileType = sourcecode.swift; path = WatchManager.swift; sourceTree = "<group>"; };
		DBBC6AFD294EBD35006BF7D1 /* GradeChartView.swift */ = {isa = PBXFileReference; lastKnownFileType = sourcecode.swift; path = GradeChartView.swift; sourceTree = "<group>"; };
		DBBC6B05294EC90B006BF7D1 /* GradeChartManager.swift */ = {isa = PBXFileReference; lastKnownFileType = sourcecode.swift; path = GradeChartManager.swift; sourceTree = "<group>"; };
		DBC16E2A2A08013E007F474D /* ClassView.swift */ = {isa = PBXFileReference; lastKnownFileType = sourcecode.swift; path = ClassView.swift; sourceTree = "<group>"; };
		DBC16E2D2A088944007F474D /* Order.swift */ = {isa = PBXFileReference; lastKnownFileType = sourcecode.swift; path = Order.swift; sourceTree = "<group>"; };
		DBC198D52A0433A900AF8838 /* NotificationManager.swift */ = {isa = PBXFileReference; lastKnownFileType = sourcecode.swift; path = NotificationManager.swift; sourceTree = "<group>"; };
		DBC198D92A05B45E00AF8838 /* Report.swift */ = {isa = PBXFileReference; lastKnownFileType = sourcecode.swift; path = Report.swift; sourceTree = "<group>"; };
		DBC659DE29B420D1002419D6 /* PowerSchool Helper.entitlements */ = {isa = PBXFileReference; lastKnownFileType = text.plist.entitlements; path = "PowerSchool Helper.entitlements"; sourceTree = "<group>"; };
		DBD8C62E29F1AB370074F225 /* ClassInfo.storyboard */ = {isa = PBXFileReference; lastKnownFileType = file.storyboard; path = ClassInfo.storyboard; sourceTree = "<group>"; };
		DBD8C63029F1ABE30074F225 /* Settings.storyboard */ = {isa = PBXFileReference; lastKnownFileType = file.storyboard; path = Settings.storyboard; sourceTree = "<group>"; };
		DBDE1514290495F10027A22D /* Assignments.swift */ = {isa = PBXFileReference; lastKnownFileType = sourcecode.swift; path = Assignments.swift; sourceTree = "<group>"; };
		DBE4E874293560F2001C4ACB /* Util.swift */ = {isa = PBXFileReference; lastKnownFileType = sourcecode.swift; path = Util.swift; sourceTree = "<group>"; };
		DBFF8A572A12F0DA00DFF80C /* Powerschool Helper Watch Watch App.app */ = {isa = PBXFileReference; explicitFileType = wrapper.application; includeInIndex = 0; path = "Powerschool Helper Watch Watch App.app"; sourceTree = BUILT_PRODUCTS_DIR; };
		DBFF8A592A12F0DA00DFF80C /* Powerschool_Helper_WatchApp.swift */ = {isa = PBXFileReference; lastKnownFileType = sourcecode.swift; path = Powerschool_Helper_WatchApp.swift; sourceTree = "<group>"; };
		DBFF8A5B2A12F0DA00DFF80C /* ContentView.swift */ = {isa = PBXFileReference; lastKnownFileType = sourcecode.swift; path = ContentView.swift; sourceTree = "<group>"; };
		DBFF8A5D2A12F0DB00DFF80C /* Assets.xcassets */ = {isa = PBXFileReference; lastKnownFileType = folder.assetcatalog; path = Assets.xcassets; sourceTree = "<group>"; };
		DBFF8A602A12F0DB00DFF80C /* Preview Assets.xcassets */ = {isa = PBXFileReference; lastKnownFileType = folder.assetcatalog; path = "Preview Assets.xcassets"; sourceTree = "<group>"; };
/* End PBXFileReference section */

/* Begin PBXFrameworksBuildPhase section */
		DB96D28A28C27E6300C36782 /* Frameworks */ = {
			isa = PBXFrameworksBuildPhase;
			buildActionMask = 2147483647;
			files = (
				DBBC6B04294EC18B006BF7D1 /* SwiftUICharts in Frameworks */,
				6F807E7745F2851B09F79182 /* Pods_PowerSchool_Helper.framework in Frameworks */,
			);
			runOnlyForDeploymentPostprocessing = 0;
		};
		DBFF8A542A12F0DA00DFF80C /* Frameworks */ = {
			isa = PBXFrameworksBuildPhase;
			buildActionMask = 2147483647;
			files = (
				B2B0F9D4CD720D5FEAD7439B /* Pods_Powerschool_Helper_Watch_Watch_App.framework in Frameworks */,
			);
			runOnlyForDeploymentPostprocessing = 0;
		};
/* End PBXFrameworksBuildPhase section */

/* Begin PBXGroup section */
		32F8AE75FB50AACAEBAC0ED8 /* Frameworks */ = {
			isa = PBXGroup;
			children = (
				D8DB7D2B983E12390622ED8F /* Pods_PowerSchool_Helper.framework */,
				778C58F024268C0BE884160F /* Pods_Powerschool_Helper_Watch_Watch_App.framework */,
			);
			name = Frameworks;
			sourceTree = "<group>";
		};
		A5D4FA68F4644560DA344A23 /* Pods */ = {
			isa = PBXGroup;
			children = (
				ABC2092D65DD935F7B78DA1B /* Pods-PowerSchool Helper.debug.xcconfig */,
				476E4781A7F45111CC8A896F /* Pods-PowerSchool Helper.release.xcconfig */,
				D6E693BB8C6AB98206B7F0E1 /* Pods-Powerschool Helper Watch Watch App.debug.xcconfig */,
				69BA12DE3AC70212467DAE25 /* Pods-Powerschool Helper Watch Watch App.release.xcconfig */,
			);
			path = Pods;
			sourceTree = "<group>";
		};
		DB17814529552409002DBB93 /* ViewControllers */ = {
			isa = PBXGroup;
			children = (
				DB96D29428C27E6300C36782 /* Login.swift */,
				DBA1B65A2927B60B004D15FE /* Settings.swift */,
				DB18A40428C816AB0034037F /* ClassList.swift */,
				DB726F3828EA596B00AF5F41 /* ClassInfo.swift */,
				DBDE1514290495F10027A22D /* Assignments.swift */,
				DB8EE3B329ABE109004CE37F /* QuarterSelection.swift */,
				DB9C45CD29CCC38E00953EB8 /* ClassInfoBar.swift */,
				DBC198D92A05B45E00AF8838 /* Report.swift */,
				DBC16E2D2A088944007F474D /* Order.swift */,
			);
			path = ViewControllers;
			sourceTree = "<group>";
		};
		DB178146295524E5002DBB93 /* Utility */ = {
			isa = PBXGroup;
			children = (
				DB96D29028C27E6300C36782 /* AppDelegate.swift */,
				DB96D29228C27E6300C36782 /* SceneDelegate.swift */,
				DBE4E874293560F2001C4ACB /* Util.swift */,
				DB1781432954E729002DBB93 /* NetoworkMonitor.swift */,
				DB8E8BDE29CB3896006A1EED /* KeyChain.swift */,
			);
			path = Utility;
			sourceTree = "<group>";
		};
		DB178149295534D2002DBB93 /* Views */ = {
			isa = PBXGroup;
			children = (
				DB001047294A5D6B00318B03 /* ProgressView.swift */,
				DBBC6AFD294EBD35006BF7D1 /* GradeChartView.swift */,
				DB26928C2A07FF7100D8B9C9 /* ClassView.xib */,
				DBC16E2A2A08013E007F474D /* ClassView.swift */,
				DB00C5982A0B12D300F05419 /* SidebarView.swift */,
				DB00C59A2A0B131F00F05419 /* SidebarView.xib */,
			);
			path = Views;
			sourceTree = "<group>";
		};
		DB96D28428C27E6300C36782 = {
			isa = PBXGroup;
			children = (
				DB67174A2A002F090065F9C6 /* Powerschool Helper Watch App.entitlements */,
				DB96D28F28C27E6300C36782 /* PowerSchool Helper */,
				DBFF8A582A12F0DA00DFF80C /* Powerschool Helper Watch Watch App */,
				DB96D28E28C27E6300C36782 /* Products */,
				A5D4FA68F4644560DA344A23 /* Pods */,
				32F8AE75FB50AACAEBAC0ED8 /* Frameworks */,
			);
			sourceTree = "<group>";
		};
		DB96D28E28C27E6300C36782 /* Products */ = {
			isa = PBXGroup;
			children = (
				DB96D28D28C27E6300C36782 /* PowerSchool Helper.app */,
				DBFF8A572A12F0DA00DFF80C /* Powerschool Helper Watch Watch App.app */,
			);
			name = Products;
			sourceTree = "<group>";
		};
		DB96D28F28C27E6300C36782 /* PowerSchool Helper */ = {
			isa = PBXGroup;
			children = (
				DBC16E2C2A08208B007F474D /* Managers */,
				DBD8C62D29F1AAFE0074F225 /* Storyboards */,
				DBC659DE29B420D1002419D6 /* PowerSchool Helper.entitlements */,
				DB178146295524E5002DBB93 /* Utility */,
				DB17814529552409002DBB93 /* ViewControllers */,
				DB178149295534D2002DBB93 /* Views */,
				DB96D29928C27E6600C36782 /* Assets.xcassets */,
				DB8EE38B29AAFE54004CE37F /* Info.plist */,
			);
			path = "PowerSchool Helper";
			sourceTree = "<group>";
		};
		DBC16E2C2A08208B007F474D /* Managers */ = {
			isa = PBXGroup;
			children = (
				DB17814729552558002DBB93 /* WebPageManager.swift */,
				DB8E86AF2958F68C004D3A7D /* ClassDataManager.swift */,
				DBBC6B05294EC90B006BF7D1 /* GradeChartManager.swift */,
				DBC198D52A0433A900AF8838 /* NotificationManager.swift */,
				DBB805202A17EC73001281B5 /* WatchManager.swift */,
			);
			path = Managers;
			sourceTree = "<group>";
		};
		DBD8C62D29F1AAFE0074F225 /* Storyboards */ = {
			isa = PBXGroup;
			children = (
				DB8E86B1295A57A7004D3A7D /* Main.storyboard */,
				DBD8C62E29F1AB370074F225 /* ClassInfo.storyboard */,
				DBD8C63029F1ABE30074F225 /* Settings.storyboard */,
				DB96D29B28C27E6600C36782 /* LaunchScreen.storyboard */,
				DB00C5922A0ABA6F00F05419 /* Help.storyboard */,
				DB00C5942A0ABB0300F05419 /* Login.storyboard */,
				DB00C5962A0ABDA600F05419 /* Assignments.storyboard */,
			);
			path = Storyboards;
			sourceTree = "<group>";
		};
		DBFF8A582A12F0DA00DFF80C /* Powerschool Helper Watch Watch App */ = {
			isa = PBXGroup;
			children = (
				DBFF8A592A12F0DA00DFF80C /* Powerschool_Helper_WatchApp.swift */,
				DBFF8A5B2A12F0DA00DFF80C /* ContentView.swift */,
				DBFF8A5D2A12F0DB00DFF80C /* Assets.xcassets */,
				DBFF8A5F2A12F0DB00DFF80C /* Preview Content */,
				DBA307102A12F2360048DCF4 /* DataManager.swift */,
			);
			path = "Powerschool Helper Watch Watch App";
			sourceTree = "<group>";
		};
		DBFF8A5F2A12F0DB00DFF80C /* Preview Content */ = {
			isa = PBXGroup;
			children = (
				DBFF8A602A12F0DB00DFF80C /* Preview Assets.xcassets */,
			);
			path = "Preview Content";
			sourceTree = "<group>";
		};
/* End PBXGroup section */

/* Begin PBXNativeTarget section */
		DB96D28C28C27E6300C36782 /* PowerSchool Helper */ = {
			isa = PBXNativeTarget;
			buildConfigurationList = DB96D2A128C27E6600C36782 /* Build configuration list for PBXNativeTarget "PowerSchool Helper" */;
			buildPhases = (
				DC42D009EFBD89039E856667 /* [CP] Check Pods Manifest.lock */,
				DB96D28B28C27E6300C36782 /* Resources */,
				786ECD165C75E3C925C3478B /* [CP] Embed Pods Frameworks */,
				DB96D28A28C27E6300C36782 /* Frameworks */,
				DB2CCF2429FBFB3F00501912 /* Embed Watch Content */,
				DB96D28928C27E6300C36782 /* Sources */,
			);
			buildRules = (
			);
			dependencies = (
				DBFF8A632A12F0DB00DFF80C /* PBXTargetDependency */,
			);
			name = "PowerSchool Helper";
			packageProductDependencies = (
				DBBC6B03294EC18B006BF7D1 /* SwiftUICharts */,
			);
			productName = "PowerSchool Helper";
			productReference = DB96D28D28C27E6300C36782 /* PowerSchool Helper.app */;
			productType = "com.apple.product-type.application";
		};
		DBFF8A562A12F0DA00DFF80C /* Powerschool Helper Watch Watch App */ = {
			isa = PBXNativeTarget;
			buildConfigurationList = DBFF8A652A12F0DB00DFF80C /* Build configuration list for PBXNativeTarget "Powerschool Helper Watch Watch App" */;
			buildPhases = (
				6190D7784308010A0321325B /* [CP] Check Pods Manifest.lock */,
				DBFF8A532A12F0DA00DFF80C /* Sources */,
				DBFF8A542A12F0DA00DFF80C /* Frameworks */,
				DBFF8A552A12F0DA00DFF80C /* Resources */,
			);
			buildRules = (
			);
			dependencies = (
			);
			name = "Powerschool Helper Watch Watch App";
			productName = "Powerschool Helper Watch Watch App";
			productReference = DBFF8A572A12F0DA00DFF80C /* Powerschool Helper Watch Watch App.app */;
			productType = "com.apple.product-type.application";
		};
/* End PBXNativeTarget section */

/* Begin PBXProject section */
		DB96D28528C27E6300C36782 /* Project object */ = {
			isa = PBXProject;
			attributes = {
				BuildIndependentTargetsInParallel = 1;
				LastSwiftUpdateCheck = 1430;
				LastUpgradeCheck = 1340;
				TargetAttributes = {
					DB96D28C28C27E6300C36782 = {
						CreatedOnToolsVersion = 13.4.1;
					};
					DBFF8A562A12F0DA00DFF80C = {
						CreatedOnToolsVersion = 14.3;
					};
				};
			};
			buildConfigurationList = DB96D28828C27E6300C36782 /* Build configuration list for PBXProject "PowerSchool Helper" */;
			compatibilityVersion = "Xcode 13.0";
			developmentRegion = en;
			hasScannedForEncodings = 0;
			knownRegions = (
				en,
				Base,
			);
			mainGroup = DB96D28428C27E6300C36782;
			packageReferences = (
				DBBC6B02294EC18B006BF7D1 /* XCRemoteSwiftPackageReference "SwiftUICharts" */,
			);
			productRefGroup = DB96D28E28C27E6300C36782 /* Products */;
			projectDirPath = "";
			projectRoot = "";
			targets = (
				DB96D28C28C27E6300C36782 /* PowerSchool Helper */,
				DBFF8A562A12F0DA00DFF80C /* Powerschool Helper Watch Watch App */,
			);
		};
/* End PBXProject section */

/* Begin PBXResourcesBuildPhase section */
		DB96D28B28C27E6300C36782 /* Resources */ = {
			isa = PBXResourcesBuildPhase;
			buildActionMask = 2147483647;
			files = (
				DB00C5952A0ABB0300F05419 /* Login.storyboard in Resources */,
				DB00C59B2A0B131F00F05419 /* SidebarView.xib in Resources */,
				DB8E86B2295A57A7004D3A7D /* Main.storyboard in Resources */,
				DB26928D2A07FF7100D8B9C9 /* ClassView.xib in Resources */,
				DBD8C62F29F1AB370074F225 /* ClassInfo.storyboard in Resources */,
				DB96D29D28C27E6600C36782 /* LaunchScreen.storyboard in Resources */,
				DB00C5932A0ABA6F00F05419 /* Help.storyboard in Resources */,
				DB00C5972A0ABDA600F05419 /* Assignments.storyboard in Resources */,
				DB96D29A28C27E6600C36782 /* Assets.xcassets in Resources */,
				DBD8C63129F1ABE30074F225 /* Settings.storyboard in Resources */,
			);
			runOnlyForDeploymentPostprocessing = 0;
		};
		DBFF8A552A12F0DA00DFF80C /* Resources */ = {
			isa = PBXResourcesBuildPhase;
			buildActionMask = 2147483647;
			files = (
				DBFF8A612A12F0DB00DFF80C /* Preview Assets.xcassets in Resources */,
				DBFF8A5E2A12F0DB00DFF80C /* Assets.xcassets in Resources */,
			);
			runOnlyForDeploymentPostprocessing = 0;
		};
/* End PBXResourcesBuildPhase section */

/* Begin PBXShellScriptBuildPhase section */
		6190D7784308010A0321325B /* [CP] Check Pods Manifest.lock */ = {
			isa = PBXShellScriptBuildPhase;
			buildActionMask = 2147483647;
			files = (
			);
			inputFileListPaths = (
			);
			inputPaths = (
				"${PODS_PODFILE_DIR_PATH}/Podfile.lock",
				"${PODS_ROOT}/Manifest.lock",
			);
			name = "[CP] Check Pods Manifest.lock";
			outputFileListPaths = (
			);
			outputPaths = (
				"$(DERIVED_FILE_DIR)/Pods-Powerschool Helper Watch Watch App-checkManifestLockResult.txt",
			);
			runOnlyForDeploymentPostprocessing = 0;
			shellPath = /bin/sh;
			shellScript = "diff \"${PODS_PODFILE_DIR_PATH}/Podfile.lock\" \"${PODS_ROOT}/Manifest.lock\" > /dev/null\nif [ $? != 0 ] ; then\n    # print error to STDERR\n    echo \"error: The sandbox is not in sync with the Podfile.lock. Run 'pod install' or update your CocoaPods installation.\" >&2\n    exit 1\nfi\n# This output is used by Xcode 'outputs' to avoid re-running this script phase.\necho \"SUCCESS\" > \"${SCRIPT_OUTPUT_FILE_0}\"\n";
			showEnvVarsInLog = 0;
		};
		786ECD165C75E3C925C3478B /* [CP] Embed Pods Frameworks */ = {
			isa = PBXShellScriptBuildPhase;
			buildActionMask = 2147483647;
			files = (
			);
			inputFileListPaths = (
				"${PODS_ROOT}/Target Support Files/Pods-PowerSchool Helper/Pods-PowerSchool Helper-frameworks-${CONFIGURATION}-input-files.xcfilelist",
			);
			name = "[CP] Embed Pods Frameworks";
			outputFileListPaths = (
				"${PODS_ROOT}/Target Support Files/Pods-PowerSchool Helper/Pods-PowerSchool Helper-frameworks-${CONFIGURATION}-output-files.xcfilelist",
			);
			runOnlyForDeploymentPostprocessing = 0;
			shellPath = /bin/sh;
			shellScript = "\"${PODS_ROOT}/Target Support Files/Pods-PowerSchool Helper/Pods-PowerSchool Helper-frameworks.sh\"\n";
			showEnvVarsInLog = 0;
		};
		DC42D009EFBD89039E856667 /* [CP] Check Pods Manifest.lock */ = {
			isa = PBXShellScriptBuildPhase;
			buildActionMask = 2147483647;
			files = (
			);
			inputFileListPaths = (
			);
			inputPaths = (
				"${PODS_PODFILE_DIR_PATH}/Podfile.lock",
				"${PODS_ROOT}/Manifest.lock",
			);
			name = "[CP] Check Pods Manifest.lock";
			outputFileListPaths = (
			);
			outputPaths = (
				"$(DERIVED_FILE_DIR)/Pods-PowerSchool Helper-checkManifestLockResult.txt",
			);
			runOnlyForDeploymentPostprocessing = 0;
			shellPath = /bin/sh;
			shellScript = "diff \"${PODS_PODFILE_DIR_PATH}/Podfile.lock\" \"${PODS_ROOT}/Manifest.lock\" > /dev/null\nif [ $? != 0 ] ; then\n    # print error to STDERR\n    echo \"error: The sandbox is not in sync with the Podfile.lock. Run 'pod install' or update your CocoaPods installation.\" >&2\n    exit 1\nfi\n# This output is used by Xcode 'outputs' to avoid re-running this script phase.\necho \"SUCCESS\" > \"${SCRIPT_OUTPUT_FILE_0}\"\n";
			showEnvVarsInLog = 0;
		};
/* End PBXShellScriptBuildPhase section */

/* Begin PBXSourcesBuildPhase section */
		DB96D28928C27E6300C36782 /* Sources */ = {
			isa = PBXSourcesBuildPhase;
			buildActionMask = 2147483647;
			files = (
				DB17814829552558002DBB93 /* WebPageManager.swift in Sources */,
				DB96D29528C27E6300C36782 /* Login.swift in Sources */,
				DB8EE3B429ABE109004CE37F /* QuarterSelection.swift in Sources */,
				DBBC6B06294EC90B006BF7D1 /* GradeChartManager.swift in Sources */,
				DB96D29128C27E6300C36782 /* AppDelegate.swift in Sources */,
				DB8E8BDF29CB3896006A1EED /* KeyChain.swift in Sources */,
				DBC16E2E2A088944007F474D /* Order.swift in Sources */,
				DB00C5992A0B12D300F05419 /* SidebarView.swift in Sources */,
				DBA1B65B2927B60B004D15FE /* Settings.swift in Sources */,
				DB9C45CE29CCC38E00953EB8 /* ClassInfoBar.swift in Sources */,
				DBE4E875293560F2001C4ACB /* Util.swift in Sources */,
				DBC198DA2A05B45E00AF8838 /* Report.swift in Sources */,
				DB726F3928EA596B00AF5F41 /* ClassInfo.swift in Sources */,
				DB96D29328C27E6300C36782 /* SceneDelegate.swift in Sources */,
				DBB805212A17EC73001281B5 /* WatchManager.swift in Sources */,
				DB18A40528C816AB0034037F /* ClassList.swift in Sources */,
				DBC198D62A0433A900AF8838 /* NotificationManager.swift in Sources */,
				DBBC6AFE294EBD35006BF7D1 /* GradeChartView.swift in Sources */,
				DB8E86B02958F68C004D3A7D /* ClassDataManager.swift in Sources */,
				DBC16E2B2A08013E007F474D /* ClassView.swift in Sources */,
				DB1781442954E729002DBB93 /* NetoworkMonitor.swift in Sources */,
				DBDE1515290495F10027A22D /* Assignments.swift in Sources */,
				DB001048294A5D6C00318B03 /* ProgressView.swift in Sources */,
			);
			runOnlyForDeploymentPostprocessing = 0;
		};
		DBFF8A532A12F0DA00DFF80C /* Sources */ = {
			isa = PBXSourcesBuildPhase;
			buildActionMask = 2147483647;
			files = (
				DBFF8A5C2A12F0DA00DFF80C /* ContentView.swift in Sources */,
				DBA307112A12F2360048DCF4 /* DataManager.swift in Sources */,
				DBFF8A5A2A12F0DA00DFF80C /* Powerschool_Helper_WatchApp.swift in Sources */,
			);
			runOnlyForDeploymentPostprocessing = 0;
		};
/* End PBXSourcesBuildPhase section */

/* Begin PBXTargetDependency section */
		DBFF8A632A12F0DB00DFF80C /* PBXTargetDependency */ = {
			isa = PBXTargetDependency;
			target = DBFF8A562A12F0DA00DFF80C /* Powerschool Helper Watch Watch App */;
			targetProxy = DBFF8A622A12F0DB00DFF80C /* PBXContainerItemProxy */;
		};
/* End PBXTargetDependency section */

/* Begin PBXVariantGroup section */
		DB96D29B28C27E6600C36782 /* LaunchScreen.storyboard */ = {
			isa = PBXVariantGroup;
			children = (
				DB96D29C28C27E6600C36782 /* Base */,
			);
			name = LaunchScreen.storyboard;
			sourceTree = "<group>";
		};
/* End PBXVariantGroup section */

/* Begin XCBuildConfiguration section */
		DB96D29F28C27E6600C36782 /* Debug */ = {
			isa = XCBuildConfiguration;
			buildSettings = {
				ALWAYS_SEARCH_USER_PATHS = NO;
				CLANG_ANALYZER_NONNULL = YES;
				CLANG_ANALYZER_NUMBER_OBJECT_CONVERSION = YES_AGGRESSIVE;
				CLANG_CXX_LANGUAGE_STANDARD = "gnu++17";
				CLANG_ENABLE_MODULES = YES;
				CLANG_ENABLE_OBJC_ARC = YES;
				CLANG_ENABLE_OBJC_WEAK = YES;
				CLANG_WARN_BLOCK_CAPTURE_AUTORELEASING = YES;
				CLANG_WARN_BOOL_CONVERSION = YES;
				CLANG_WARN_COMMA = YES;
				CLANG_WARN_CONSTANT_CONVERSION = YES;
				CLANG_WARN_DEPRECATED_OBJC_IMPLEMENTATIONS = YES;
				CLANG_WARN_DIRECT_OBJC_ISA_USAGE = YES_ERROR;
				CLANG_WARN_DOCUMENTATION_COMMENTS = YES;
				CLANG_WARN_EMPTY_BODY = YES;
				CLANG_WARN_ENUM_CONVERSION = YES;
				CLANG_WARN_INFINITE_RECURSION = YES;
				CLANG_WARN_INT_CONVERSION = YES;
				CLANG_WARN_NON_LITERAL_NULL_CONVERSION = YES;
				CLANG_WARN_OBJC_IMPLICIT_RETAIN_SELF = YES;
				CLANG_WARN_OBJC_LITERAL_CONVERSION = YES;
				CLANG_WARN_OBJC_ROOT_CLASS = YES_ERROR;
				CLANG_WARN_QUOTED_INCLUDE_IN_FRAMEWORK_HEADER = YES;
				CLANG_WARN_RANGE_LOOP_ANALYSIS = YES;
				CLANG_WARN_STRICT_PROTOTYPES = YES;
				CLANG_WARN_SUSPICIOUS_MOVE = YES;
				CLANG_WARN_UNGUARDED_AVAILABILITY = YES_AGGRESSIVE;
				CLANG_WARN_UNREACHABLE_CODE = YES;
				CLANG_WARN__DUPLICATE_METHOD_MATCH = YES;
				COPY_PHASE_STRIP = NO;
				DEBUG_INFORMATION_FORMAT = dwarf;
				ENABLE_STRICT_OBJC_MSGSEND = YES;
				ENABLE_TESTABILITY = YES;
				GCC_C_LANGUAGE_STANDARD = gnu11;
				GCC_DYNAMIC_NO_PIC = NO;
				GCC_NO_COMMON_BLOCKS = YES;
				GCC_OPTIMIZATION_LEVEL = 0;
				GCC_PREPROCESSOR_DEFINITIONS = (
					"DEBUG=1",
					"$(inherited)",
				);
				GCC_WARN_64_TO_32_BIT_CONVERSION = YES;
				GCC_WARN_ABOUT_RETURN_TYPE = YES_ERROR;
				GCC_WARN_UNDECLARED_SELECTOR = YES;
				GCC_WARN_UNINITIALIZED_AUTOS = YES_AGGRESSIVE;
				GCC_WARN_UNUSED_FUNCTION = YES;
				GCC_WARN_UNUSED_VARIABLE = YES;
				IPHONEOS_DEPLOYMENT_TARGET = 15.0;
				MTL_ENABLE_DEBUG_INFO = INCLUDE_SOURCE;
				MTL_FAST_MATH = YES;
				ONLY_ACTIVE_ARCH = YES;
				SDKROOT = iphoneos;
				SWIFT_ACTIVE_COMPILATION_CONDITIONS = DEBUG;
				SWIFT_OPTIMIZATION_LEVEL = "-Onone";
				WATCHOS_DEPLOYMENT_TARGET = 9.0;
			};
			name = Debug;
		};
		DB96D2A028C27E6600C36782 /* Release */ = {
			isa = XCBuildConfiguration;
			buildSettings = {
				ALWAYS_SEARCH_USER_PATHS = NO;
				CLANG_ANALYZER_NONNULL = YES;
				CLANG_ANALYZER_NUMBER_OBJECT_CONVERSION = YES_AGGRESSIVE;
				CLANG_CXX_LANGUAGE_STANDARD = "gnu++17";
				CLANG_ENABLE_MODULES = YES;
				CLANG_ENABLE_OBJC_ARC = YES;
				CLANG_ENABLE_OBJC_WEAK = YES;
				CLANG_WARN_BLOCK_CAPTURE_AUTORELEASING = YES;
				CLANG_WARN_BOOL_CONVERSION = YES;
				CLANG_WARN_COMMA = YES;
				CLANG_WARN_CONSTANT_CONVERSION = YES;
				CLANG_WARN_DEPRECATED_OBJC_IMPLEMENTATIONS = YES;
				CLANG_WARN_DIRECT_OBJC_ISA_USAGE = YES_ERROR;
				CLANG_WARN_DOCUMENTATION_COMMENTS = YES;
				CLANG_WARN_EMPTY_BODY = YES;
				CLANG_WARN_ENUM_CONVERSION = YES;
				CLANG_WARN_INFINITE_RECURSION = YES;
				CLANG_WARN_INT_CONVERSION = YES;
				CLANG_WARN_NON_LITERAL_NULL_CONVERSION = YES;
				CLANG_WARN_OBJC_IMPLICIT_RETAIN_SELF = YES;
				CLANG_WARN_OBJC_LITERAL_CONVERSION = YES;
				CLANG_WARN_OBJC_ROOT_CLASS = YES_ERROR;
				CLANG_WARN_QUOTED_INCLUDE_IN_FRAMEWORK_HEADER = YES;
				CLANG_WARN_RANGE_LOOP_ANALYSIS = YES;
				CLANG_WARN_STRICT_PROTOTYPES = YES;
				CLANG_WARN_SUSPICIOUS_MOVE = YES;
				CLANG_WARN_UNGUARDED_AVAILABILITY = YES_AGGRESSIVE;
				CLANG_WARN_UNREACHABLE_CODE = YES;
				CLANG_WARN__DUPLICATE_METHOD_MATCH = YES;
				COPY_PHASE_STRIP = NO;
				DEBUG_INFORMATION_FORMAT = "dwarf-with-dsym";
				ENABLE_NS_ASSERTIONS = NO;
				ENABLE_STRICT_OBJC_MSGSEND = YES;
				GCC_C_LANGUAGE_STANDARD = gnu11;
				GCC_NO_COMMON_BLOCKS = YES;
				GCC_WARN_64_TO_32_BIT_CONVERSION = YES;
				GCC_WARN_ABOUT_RETURN_TYPE = YES_ERROR;
				GCC_WARN_UNDECLARED_SELECTOR = YES;
				GCC_WARN_UNINITIALIZED_AUTOS = YES_AGGRESSIVE;
				GCC_WARN_UNUSED_FUNCTION = YES;
				GCC_WARN_UNUSED_VARIABLE = YES;
				IPHONEOS_DEPLOYMENT_TARGET = 15.0;
				MTL_ENABLE_DEBUG_INFO = NO;
				MTL_FAST_MATH = YES;
				SDKROOT = iphoneos;
				SWIFT_COMPILATION_MODE = wholemodule;
				SWIFT_OPTIMIZATION_LEVEL = "-O";
				VALIDATE_PRODUCT = YES;
				WATCHOS_DEPLOYMENT_TARGET = 9.0;
			};
			name = Release;
		};
		DB96D2A228C27E6600C36782 /* Debug */ = {
			isa = XCBuildConfiguration;
			baseConfigurationReference = ABC2092D65DD935F7B78DA1B /* Pods-PowerSchool Helper.debug.xcconfig */;
			buildSettings = {
				ALWAYS_EMBED_SWIFT_STANDARD_LIBRARIES = YES;
				ASSETCATALOG_COMPILER_APPICON_NAME = AppIcon;
				ASSETCATALOG_COMPILER_GLOBAL_ACCENT_COLOR_NAME = AccentColor;
				CODE_SIGN_ENTITLEMENTS = "PowerSchool Helper/PowerSchool Helper.entitlements";
				CODE_SIGN_STYLE = Automatic;
				CURRENT_PROJECT_VERSION = 4;
				DEVELOPMENT_TEAM = CP8LXV38C4;
				GENERATE_INFOPLIST_FILE = YES;
				INFOPLIST_FILE = "/Users/branson/Desktop/PowerSchool Helper/PowerSchool Helper/Info.plist";
				INFOPLIST_KEY_CFBundleDisplayName = "PowerSchool Plus";
				INFOPLIST_KEY_LSApplicationCategoryType = "public.app-category.education";
				INFOPLIST_KEY_NSCameraUsageDescription = "";
				INFOPLIST_KEY_NSPhotoLibraryUsageDescription = "Allow access to photos to be able to change the wallpaper.";
				INFOPLIST_KEY_UIApplicationSupportsIndirectInputEvents = YES;
				INFOPLIST_KEY_UILaunchStoryboardName = Launch.storyboard;
				INFOPLIST_KEY_UIRequiresFullScreen = YES;
				INFOPLIST_KEY_UIStatusBarStyle = UIStatusBarStyleLightContent;
				INFOPLIST_KEY_UISupportedInterfaceOrientations = UIInterfaceOrientationPortrait;
				INFOPLIST_KEY_UISupportedInterfaceOrientations_iPad = "UIInterfaceOrientationLandscapeLeft UIInterfaceOrientationLandscapeRight UIInterfaceOrientationPortrait UIInterfaceOrientationPortraitUpsideDown";
				IPHONEOS_DEPLOYMENT_TARGET = 15.0;
				LD_RUNPATH_SEARCH_PATHS = (
					"$(inherited)",
					"@executable_path/Frameworks",
				);
				MARKETING_VERSION = 1.6.0;
				PRODUCT_BUNDLE_IDENTIFIER = "com.Tiskua.PowerSchool-Helper";
				PRODUCT_NAME = "$(TARGET_NAME)";
				SWIFT_EMIT_LOC_STRINGS = YES;
				SWIFT_VERSION = 5.0;
				TARGETED_DEVICE_FAMILY = "1,2";
			};
			name = Debug;
		};
		DB96D2A328C27E6600C36782 /* Release */ = {
			isa = XCBuildConfiguration;
			baseConfigurationReference = 476E4781A7F45111CC8A896F /* Pods-PowerSchool Helper.release.xcconfig */;
			buildSettings = {
				ALWAYS_EMBED_SWIFT_STANDARD_LIBRARIES = YES;
				ASSETCATALOG_COMPILER_APPICON_NAME = AppIcon;
				ASSETCATALOG_COMPILER_GLOBAL_ACCENT_COLOR_NAME = AccentColor;
				CODE_SIGN_ENTITLEMENTS = "PowerSchool Helper/PowerSchool Helper.entitlements";
				CODE_SIGN_STYLE = Automatic;
				CURRENT_PROJECT_VERSION = 4;
				DEVELOPMENT_TEAM = CP8LXV38C4;
				GENERATE_INFOPLIST_FILE = YES;
				INFOPLIST_FILE = "/Users/branson/Desktop/PowerSchool Helper/PowerSchool Helper/Info.plist";
				INFOPLIST_KEY_CFBundleDisplayName = "PowerSchool Plus";
				INFOPLIST_KEY_LSApplicationCategoryType = "public.app-category.education";
				INFOPLIST_KEY_NSCameraUsageDescription = "";
				INFOPLIST_KEY_NSPhotoLibraryUsageDescription = "Allow access to photos to be able to change the wallpaper.";
				INFOPLIST_KEY_UIApplicationSupportsIndirectInputEvents = YES;
				INFOPLIST_KEY_UILaunchStoryboardName = Launch.storyboard;
				INFOPLIST_KEY_UIRequiresFullScreen = YES;
				INFOPLIST_KEY_UIStatusBarStyle = UIStatusBarStyleLightContent;
				INFOPLIST_KEY_UISupportedInterfaceOrientations = UIInterfaceOrientationPortrait;
				INFOPLIST_KEY_UISupportedInterfaceOrientations_iPad = "UIInterfaceOrientationLandscapeLeft UIInterfaceOrientationLandscapeRight UIInterfaceOrientationPortrait UIInterfaceOrientationPortraitUpsideDown";
				IPHONEOS_DEPLOYMENT_TARGET = 15.0;
				LD_RUNPATH_SEARCH_PATHS = (
					"$(inherited)",
					"@executable_path/Frameworks",
				);
				MARKETING_VERSION = 1.6.0;
				PRODUCT_BUNDLE_IDENTIFIER = "com.Tiskua.PowerSchool-Helper";
				PRODUCT_NAME = "$(TARGET_NAME)";
				SWIFT_EMIT_LOC_STRINGS = YES;
				SWIFT_VERSION = 5.0;
				TARGETED_DEVICE_FAMILY = "1,2";
			};
			name = Release;
		};
		DBFF8A662A12F0DB00DFF80C /* Debug */ = {
			isa = XCBuildConfiguration;
			baseConfigurationReference = D6E693BB8C6AB98206B7F0E1 /* Pods-Powerschool Helper Watch Watch App.debug.xcconfig */;
			buildSettings = {
				ASSETCATALOG_COMPILER_APPICON_NAME = AppIcon;
				ASSETCATALOG_COMPILER_GLOBAL_ACCENT_COLOR_NAME = AccentColor;
				CLANG_CXX_LANGUAGE_STANDARD = "gnu++20";
				CODE_SIGN_STYLE = Automatic;
				CURRENT_PROJECT_VERSION = 1;
				DEVELOPMENT_ASSET_PATHS = "\"Powerschool Helper Watch Watch App/Preview Content\"";
				DEVELOPMENT_TEAM = CP8LXV38C4;
				ENABLE_PREVIEWS = YES;
				GENERATE_INFOPLIST_FILE = YES;
				INFOPLIST_KEY_CFBundleDisplayName = "Powerschool Helper Watch";
				INFOPLIST_KEY_UISupportedInterfaceOrientations = "UIInterfaceOrientationPortrait UIInterfaceOrientationPortraitUpsideDown";
				INFOPLIST_KEY_WKCompanionAppBundleIdentifier = "com.Tiskua.PowerSchool-Helper";
				LD_RUNPATH_SEARCH_PATHS = (
					"$(inherited)",
					"@executable_path/Frameworks",
				);
				MARKETING_VERSION = 1.0;
				PRODUCT_BUNDLE_IDENTIFIER = "com.Tiskua.PowerSchool-Helper.watchkitapp";
				PRODUCT_NAME = "$(TARGET_NAME)";
				SDKROOT = watchos;
				SKIP_INSTALL = YES;
				SWIFT_EMIT_LOC_STRINGS = YES;
				SWIFT_VERSION = 5.0;
				TARGETED_DEVICE_FAMILY = 4;
				WATCHOS_DEPLOYMENT_TARGET = 9.0;
			};
			name = Debug;
		};
		DBFF8A672A12F0DB00DFF80C /* Release */ = {
			isa = XCBuildConfiguration;
			baseConfigurationReference = 69BA12DE3AC70212467DAE25 /* Pods-Powerschool Helper Watch Watch App.release.xcconfig */;
			buildSettings = {
				ASSETCATALOG_COMPILER_APPICON_NAME = AppIcon;
				ASSETCATALOG_COMPILER_GLOBAL_ACCENT_COLOR_NAME = AccentColor;
				CLANG_CXX_LANGUAGE_STANDARD = "gnu++20";
				CODE_SIGN_STYLE = Automatic;
				CURRENT_PROJECT_VERSION = 1;
				DEVELOPMENT_ASSET_PATHS = "\"Powerschool Helper Watch Watch App/Preview Content\"";
				DEVELOPMENT_TEAM = CP8LXV38C4;
				ENABLE_PREVIEWS = YES;
				GENERATE_INFOPLIST_FILE = YES;
				INFOPLIST_KEY_CFBundleDisplayName = "Powerschool Helper Watch";
				INFOPLIST_KEY_UISupportedInterfaceOrientations = "UIInterfaceOrientationPortrait UIInterfaceOrientationPortraitUpsideDown";
				INFOPLIST_KEY_WKCompanionAppBundleIdentifier = "com.Tiskua.PowerSchool-Helper";
				LD_RUNPATH_SEARCH_PATHS = (
					"$(inherited)",
					"@executable_path/Frameworks",
				);
				MARKETING_VERSION = 1.0;
				PRODUCT_BUNDLE_IDENTIFIER = "com.Tiskua.PowerSchool-Helper.watchkitapp";
				PRODUCT_NAME = "$(TARGET_NAME)";
				SDKROOT = watchos;
				SKIP_INSTALL = YES;
				SWIFT_EMIT_LOC_STRINGS = YES;
				SWIFT_VERSION = 5.0;
				TARGETED_DEVICE_FAMILY = 4;
				WATCHOS_DEPLOYMENT_TARGET = 9.0;
			};
			name = Release;
		};
/* End XCBuildConfiguration section */

/* Begin XCConfigurationList section */
		DB96D28828C27E6300C36782 /* Build configuration list for PBXProject "PowerSchool Helper" */ = {
			isa = XCConfigurationList;
			buildConfigurations = (
				DB96D29F28C27E6600C36782 /* Debug */,
				DB96D2A028C27E6600C36782 /* Release */,
			);
			defaultConfigurationIsVisible = 0;
			defaultConfigurationName = Release;
		};
		DB96D2A128C27E6600C36782 /* Build configuration list for PBXNativeTarget "PowerSchool Helper" */ = {
			isa = XCConfigurationList;
			buildConfigurations = (
				DB96D2A228C27E6600C36782 /* Debug */,
				DB96D2A328C27E6600C36782 /* Release */,
			);
			defaultConfigurationIsVisible = 0;
			defaultConfigurationName = Release;
		};
		DBFF8A652A12F0DB00DFF80C /* Build configuration list for PBXNativeTarget "Powerschool Helper Watch Watch App" */ = {
			isa = XCConfigurationList;
			buildConfigurations = (
				DBFF8A662A12F0DB00DFF80C /* Debug */,
				DBFF8A672A12F0DB00DFF80C /* Release */,
			);
			defaultConfigurationIsVisible = 0;
			defaultConfigurationName = Release;
		};
/* End XCConfigurationList section */

/* Begin XCRemoteSwiftPackageReference section */
		DBBC6B02294EC18B006BF7D1 /* XCRemoteSwiftPackageReference "SwiftUICharts" */ = {
			isa = XCRemoteSwiftPackageReference;
			repositoryURL = "https://github.com/willdale/SwiftUICharts/";
			requirement = {
				kind = upToNextMajorVersion;
				minimumVersion = 2.0.0;
			};
		};
/* End XCRemoteSwiftPackageReference section */

/* Begin XCSwiftPackageProductDependency section */
		DBBC6B03294EC18B006BF7D1 /* SwiftUICharts */ = {
			isa = XCSwiftPackageProductDependency;
			package = DBBC6B02294EC18B006BF7D1 /* XCRemoteSwiftPackageReference "SwiftUICharts" */;
			productName = SwiftUICharts;
		};
/* End XCSwiftPackageProductDependency section */
	};
	rootObject = DB96D28528C27E6300C36782 /* Project object */;
}
